// !$*UTF8*$!
{
	archiveVersion = 1;
	classes = {
	};
	objectVersion = 46;
	objects = {

/* Begin PBXBuildFile section */
		8A9664E21AD8524200C057D0 /* AppDelegate.m in Sources */ = {isa = PBXBuildFile; fileRef = 8A9664D71AD8524200C057D0 /* AppDelegate.m */; };
		8A9664E31AD8524200C057D0 /* ViewController.m in Sources */ = {isa = PBXBuildFile; fileRef = 8A9664D91AD8524200C057D0 /* ViewController.m */; };
		8A9664E51AD8524200C057D0 /* main.m in Sources */ = {isa = PBXBuildFile; fileRef = 8A9664DB1AD8524200C057D0 /* main.m */; };
		8A9664E71AD8524200C057D0 /* Main.storyboard in Resources */ = {isa = PBXBuildFile; fileRef = 8A9664DF1AD8524200C057D0 /* Main.storyboard */; };
		8A9664E81AD8524200C057D0 /* Images.xcassets in Resources */ = {isa = PBXBuildFile; fileRef = 8A9664E11AD8524200C057D0 /* Images.xcassets */; };
		8A9664EC1AD852C800C057D0 /* Default-568h@2x.png in Resources */ = {isa = PBXBuildFile; fileRef = 8A9664EB1AD852C800C057D0 /* Default-568h@2x.png */; };
		8A9664F11AD8532300C057D0 /* UILabel+Copyable.m in Sources */ = {isa = PBXBuildFile; fileRef = 8A9664F01AD8532300C057D0 /* UILabel+Copyable.m */; };
		8A9AFEF61AD88798009CFF22 /* UILabel_Copyable_Tests.m in Sources */ = {isa = PBXBuildFile; fileRef = 8A9AFEF51AD88798009CFF22 /* UILabel_Copyable_Tests.m */; };
/* End PBXBuildFile section */

/* Begin PBXContainerItemProxy section */
		8A9AFEF71AD88798009CFF22 /* PBXContainerItemProxy */ = {
			isa = PBXContainerItemProxy;
			containerPortal = 8A9664A31AD8517C00C057D0 /* Project object */;
			proxyType = 1;
			remoteGlobalIDString = 8A9664AA1AD8517C00C057D0;
			remoteInfo = "UILabel+Copyable Demo";
		};
/* End PBXContainerItemProxy section */

/* Begin PBXFileReference section */
		8A9664AB1AD8517C00C057D0 /* UILabel+Copyable Demo.app */ = {isa = PBXFileReference; explicitFileType = wrapper.application; includeInIndex = 0; path = "UILabel+Copyable Demo.app"; sourceTree = BUILT_PRODUCTS_DIR; };
		8A9664D61AD8524200C057D0 /* AppDelegate.h */ = {isa = PBXFileReference; fileEncoding = 4; lastKnownFileType = sourcecode.c.h; path = AppDelegate.h; sourceTree = "<group>"; };
		8A9664D71AD8524200C057D0 /* AppDelegate.m */ = {isa = PBXFileReference; fileEncoding = 4; lastKnownFileType = sourcecode.c.objc; path = AppDelegate.m; sourceTree = "<group>"; };
		8A9664D81AD8524200C057D0 /* ViewController.h */ = {isa = PBXFileReference; fileEncoding = 4; lastKnownFileType = sourcecode.c.h; path = ViewController.h; sourceTree = "<group>"; };
		8A9664D91AD8524200C057D0 /* ViewController.m */ = {isa = PBXFileReference; fileEncoding = 4; lastKnownFileType = sourcecode.c.objc; path = ViewController.m; sourceTree = "<group>"; };
		8A9664DA1AD8524200C057D0 /* Info.plist */ = {isa = PBXFileReference; fileEncoding = 4; lastKnownFileType = text.plist.xml; path = Info.plist; sourceTree = "<group>"; };
		8A9664DB1AD8524200C057D0 /* main.m */ = {isa = PBXFileReference; fileEncoding = 4; lastKnownFileType = sourcecode.c.objc; path = main.m; sourceTree = "<group>"; };
		8A9664E01AD8524200C057D0 /* Base */ = {isa = PBXFileReference; lastKnownFileType = file.storyboard; name = Base; path = Base.lproj/Main.storyboard; sourceTree = "<group>"; };
		8A9664E11AD8524200C057D0 /* Images.xcassets */ = {isa = PBXFileReference; lastKnownFileType = folder.assetcatalog; path = Images.xcassets; sourceTree = "<group>"; };
		8A9664EB1AD852C800C057D0 /* Default-568h@2x.png */ = {isa = PBXFileReference; lastKnownFileType = image.png; path = "Default-568h@2x.png"; sourceTree = "<group>"; };
		8A9664EF1AD8532300C057D0 /* UILabel+Copyable.h */ = {isa = PBXFileReference; fileEncoding = 4; lastKnownFileType = sourcecode.c.h; path = "UILabel+Copyable.h"; sourceTree = "<group>"; };
		8A9664F01AD8532300C057D0 /* UILabel+Copyable.m */ = {isa = PBXFileReference; fileEncoding = 4; lastKnownFileType = sourcecode.c.objc; path = "UILabel+Copyable.m"; sourceTree = "<group>"; };
		8A9AFEF11AD88798009CFF22 /* UILabel+Copyable Tests.xctest */ = {isa = PBXFileReference; explicitFileType = wrapper.cfbundle; includeInIndex = 0; path = "UILabel+Copyable Tests.xctest"; sourceTree = BUILT_PRODUCTS_DIR; };
		8A9AFEF41AD88798009CFF22 /* Info.plist */ = {isa = PBXFileReference; lastKnownFileType = text.plist.xml; path = Info.plist; sourceTree = "<group>"; };
		8A9AFEF51AD88798009CFF22 /* UILabel_Copyable_Tests.m */ = {isa = PBXFileReference; lastKnownFileType = sourcecode.c.objc; path = UILabel_Copyable_Tests.m; sourceTree = "<group>"; };
		8AB9D4AB1E5DF85400E02390 /* Rakefile */ = {isa = PBXFileReference; explicitFileType = text.script.ruby; fileEncoding = 4; path = Rakefile; sourceTree = SOURCE_ROOT; };
/* End PBXFileReference section */

/* Begin PBXFrameworksBuildPhase section */
		8A9664A81AD8517C00C057D0 /* Frameworks */ = {
			isa = PBXFrameworksBuildPhase;
			buildActionMask = 2147483647;
			files = (
			);
			runOnlyForDeploymentPostprocessing = 0;
		};
		8A9AFEEE1AD88798009CFF22 /* Frameworks */ = {
			isa = PBXFrameworksBuildPhase;
			buildActionMask = 2147483647;
			files = (
			);
			runOnlyForDeploymentPostprocessing = 0;
		};
/* End PBXFrameworksBuildPhase section */

/* Begin PBXGroup section */
		8A9664A21AD8517C00C057D0 = {
			isa = PBXGroup;
			children = (
				8A9664EE1AD8532300C057D0 /* UILabel+Copyable */,
				8A9664D41AD8524200C057D0 /* Demo */,
				8A9AFEF21AD88798009CFF22 /* UILabel+Copyable Tests */,
				8A9664AC1AD8517C00C057D0 /* Products */,
			);
			sourceTree = "<group>";
		};
		8A9664AC1AD8517C00C057D0 /* Products */ = {
			isa = PBXGroup;
			children = (
				8A9664AB1AD8517C00C057D0 /* UILabel+Copyable Demo.app */,
				8A9AFEF11AD88798009CFF22 /* UILabel+Copyable Tests.xctest */,
			);
			name = Products;
			sourceTree = "<group>";
		};
		8A9664D41AD8524200C057D0 /* Demo */ = {
			isa = PBXGroup;
			children = (
				8A9664D51AD8524200C057D0 /* Controllers */,
				8A9664ED1AD852F200C057D0 /* Supporting Files */,
				8A9664DC1AD8524200C057D0 /* Resources */,
			);
			path = Demo;
			sourceTree = "<group>";
		};
		8A9664D51AD8524200C057D0 /* Controllers */ = {
			isa = PBXGroup;
			children = (
				8A9664D61AD8524200C057D0 /* AppDelegate.h */,
				8A9664D71AD8524200C057D0 /* AppDelegate.m */,
				8A9664D81AD8524200C057D0 /* ViewController.h */,
				8A9664D91AD8524200C057D0 /* ViewController.m */,
			);
			path = Controllers;
			sourceTree = "<group>";
		};
		8A9664DC1AD8524200C057D0 /* Resources */ = {
			isa = PBXGroup;
			children = (
				8A9664EB1AD852C800C057D0 /* Default-568h@2x.png */,
				8A9664DF1AD8524200C057D0 /* Main.storyboard */,
				8A9664E11AD8524200C057D0 /* Images.xcassets */,
			);
			path = Resources;
			sourceTree = "<group>";
		};
		8A9664ED1AD852F200C057D0 /* Supporting Files */ = {
			isa = PBXGroup;
			children = (
				8A9664DA1AD8524200C057D0 /* Info.plist */,
				8A9664DB1AD8524200C057D0 /* main.m */,
			);
			name = "Supporting Files";
			sourceTree = "<group>";
		};
		8A9664EE1AD8532300C057D0 /* UILabel+Copyable */ = {
			isa = PBXGroup;
			children = (
				8A9664EF1AD8532300C057D0 /* UILabel+Copyable.h */,
				8A9664F01AD8532300C057D0 /* UILabel+Copyable.m */,
			);
			path = "UILabel+Copyable";
			sourceTree = "<group>";
		};
		8A9AFEF21AD88798009CFF22 /* UILabel+Copyable Tests */ = {
			isa = PBXGroup;
			children = (
				8A9AFEF51AD88798009CFF22 /* UILabel_Copyable_Tests.m */,
				8A9AFEF31AD88798009CFF22 /* Supporting Files */,
			);
			path = "UILabel+Copyable Tests";
			sourceTree = "<group>";
		};
		8A9AFEF31AD88798009CFF22 /* Supporting Files */ = {
			isa = PBXGroup;
			children = (
				8AB9D4AB1E5DF85400E02390 /* Rakefile */,
				8A9AFEF41AD88798009CFF22 /* Info.plist */,
			);
			name = "Supporting Files";
			sourceTree = "<group>";
		};
/* End PBXGroup section */

/* Begin PBXNativeTarget section */
		8A9664AA1AD8517C00C057D0 /* UILabel+Copyable Demo */ = {
			isa = PBXNativeTarget;
			buildConfigurationList = 8A9664CE1AD8517C00C057D0 /* Build configuration list for PBXNativeTarget "UILabel+Copyable Demo" */;
			buildPhases = (
				8A9664A71AD8517C00C057D0 /* Sources */,
				8A9664A81AD8517C00C057D0 /* Frameworks */,
				8A9664A91AD8517C00C057D0 /* Resources */,
			);
			buildRules = (
			);
			dependencies = (
			);
			name = "UILabel+Copyable Demo";
			productName = "UILabel+Copiable Demo";
			productReference = 8A9664AB1AD8517C00C057D0 /* UILabel+Copyable Demo.app */;
			productType = "com.apple.product-type.application";
		};
		8A9AFEF01AD88798009CFF22 /* UILabel+Copyable Tests */ = {
			isa = PBXNativeTarget;
			buildConfigurationList = 8A9AFEF91AD88798009CFF22 /* Build configuration list for PBXNativeTarget "UILabel+Copyable Tests" */;
			buildPhases = (
				8A9AFEED1AD88798009CFF22 /* Sources */,
				8A9AFEEE1AD88798009CFF22 /* Frameworks */,
				8A9AFEEF1AD88798009CFF22 /* Resources */,
			);
			buildRules = (
			);
			dependencies = (
				8A9AFEF81AD88798009CFF22 /* PBXTargetDependency */,
			);
			name = "UILabel+Copyable Tests";
			productName = "UILabel+Copyable Tests";
			productReference = 8A9AFEF11AD88798009CFF22 /* UILabel+Copyable Tests.xctest */;
			productType = "com.apple.product-type.bundle.unit-test";
		};
/* End PBXNativeTarget section */

/* Begin PBXProject section */
		8A9664A31AD8517C00C057D0 /* Project object */ = {
			isa = PBXProject;
			attributes = {
				LastUpgradeCheck = 0730;
				ORGANIZATIONNAME = iAOS;
				TargetAttributes = {
					8A9664AA1AD8517C00C057D0 = {
						CreatedOnToolsVersion = 6.3;
					};
					8A9AFEF01AD88798009CFF22 = {
						CreatedOnToolsVersion = 6.3;
						TestTargetID = 8A9664AA1AD8517C00C057D0;
					};
				};
			};
			buildConfigurationList = 8A9664A61AD8517C00C057D0 /* Build configuration list for PBXProject "UILabel+Copyable Demo" */;
			compatibilityVersion = "Xcode 3.2";
			developmentRegion = English;
			hasScannedForEncodings = 0;
			knownRegions = (
				en,
				Base,
			);
			mainGroup = 8A9664A21AD8517C00C057D0;
			productRefGroup = 8A9664AC1AD8517C00C057D0 /* Products */;
			projectDirPath = "";
			projectRoot = "";
			targets = (
				8A9664AA1AD8517C00C057D0 /* UILabel+Copyable Demo */,
				8A9AFEF01AD88798009CFF22 /* UILabel+Copyable Tests */,
			);
		};
/* End PBXProject section */

/* Begin PBXResourcesBuildPhase section */
		8A9664A91AD8517C00C057D0 /* Resources */ = {
			isa = PBXResourcesBuildPhase;
			buildActionMask = 2147483647;
			files = (
				8A9664E71AD8524200C057D0 /* Main.storyboard in Resources */,
				8A9664EC1AD852C800C057D0 /* Default-568h@2x.png in Resources */,
				8A9664E81AD8524200C057D0 /* Images.xcassets in Resources */,
			);
			runOnlyForDeploymentPostprocessing = 0;
		};
		8A9AFEEF1AD88798009CFF22 /* Resources */ = {
			isa = PBXResourcesBuildPhase;
			buildActionMask = 2147483647;
			files = (
			);
			runOnlyForDeploymentPostprocessing = 0;
		};
/* End PBXResourcesBuildPhase section */

/* Begin PBXSourcesBuildPhase section */
		8A9664A71AD8517C00C057D0 /* Sources */ = {
			isa = PBXSourcesBuildPhase;
			buildActionMask = 2147483647;
			files = (
				8A9664E31AD8524200C057D0 /* ViewController.m in Sources */,
				8A9664F11AD8532300C057D0 /* UILabel+Copyable.m in Sources */,
				8A9664E51AD8524200C057D0 /* main.m in Sources */,
				8A9664E21AD8524200C057D0 /* AppDelegate.m in Sources */,
			);
			runOnlyForDeploymentPostprocessing = 0;
		};
		8A9AFEED1AD88798009CFF22 /* Sources */ = {
			isa = PBXSourcesBuildPhase;
			buildActionMask = 2147483647;
			files = (
				8A9AFEF61AD88798009CFF22 /* UILabel_Copyable_Tests.m in Sources */,
			);
			runOnlyForDeploymentPostprocessing = 0;
		};
/* End PBXSourcesBuildPhase section */

/* Begin PBXTargetDependency section */
		8A9AFEF81AD88798009CFF22 /* PBXTargetDependency */ = {
			isa = PBXTargetDependency;
			target = 8A9664AA1AD8517C00C057D0 /* UILabel+Copyable Demo */;
			targetProxy = 8A9AFEF71AD88798009CFF22 /* PBXContainerItemProxy */;
		};
/* End PBXTargetDependency section */

/* Begin PBXVariantGroup section */
		8A9664DF1AD8524200C057D0 /* Main.storyboard */ = {
			isa = PBXVariantGroup;
			children = (
				8A9664E01AD8524200C057D0 /* Base */,
			);
			name = Main.storyboard;
			sourceTree = "<group>";
		};
/* End PBXVariantGroup section */

/* Begin XCBuildConfiguration section */
		8A9664CC1AD8517C00C057D0 /* Debug */ = {
			isa = XCBuildConfiguration;
			buildSettings = {
				ALWAYS_SEARCH_USER_PATHS = NO;
				CLANG_CXX_LANGUAGE_STANDARD = "gnu++0x";
				CLANG_CXX_LIBRARY = "libc++";
				CLANG_ENABLE_MODULES = YES;
				CLANG_ENABLE_OBJC_ARC = YES;
				CLANG_WARN_BOOL_CONVERSION = YES;
				CLANG_WARN_CONSTANT_CONVERSION = YES;
				CLANG_WARN_DIRECT_OBJC_ISA_USAGE = YES_ERROR;
				CLANG_WARN_EMPTY_BODY = YES;
				CLANG_WARN_ENUM_CONVERSION = YES;
				CLANG_WARN_INT_CONVERSION = YES;
				CLANG_WARN_OBJC_ROOT_CLASS = YES_ERROR;
				CLANG_WARN_UNREACHABLE_CODE = YES;
				CLANG_WARN__DUPLICATE_METHOD_MATCH = YES;
				CODE_SIGN_IDENTITY = "iPhone Developer";
				"CODE_SIGN_IDENTITY[sdk=iphoneos*]" = "iPhone Developer";
				COPY_PHASE_STRIP = NO;
				DEBUG_INFORMATION_FORMAT = "dwarf-with-dsym";
				ENABLE_STRICT_OBJC_MSGSEND = YES;
				ENABLE_TESTABILITY = YES;
				GCC_C_LANGUAGE_STANDARD = gnu99;
				GCC_DYNAMIC_NO_PIC = NO;
				GCC_NO_COMMON_BLOCKS = YES;
				GCC_OPTIMIZATION_LEVEL = 0;
				GCC_PREPROCESSOR_DEFINITIONS = (
					"DEBUG=1",
					"$(inherited)",
				);
				GCC_SYMBOLS_PRIVATE_EXTERN = NO;
				GCC_WARN_64_TO_32_BIT_CONVERSION = YES;
				GCC_WARN_ABOUT_RETURN_TYPE = YES_ERROR;
				GCC_WARN_UNDECLARED_SELECTOR = YES;
				GCC_WARN_UNINITIALIZED_AUTOS = YES_AGGRESSIVE;
				GCC_WARN_UNUSED_FUNCTION = YES;
				GCC_WARN_UNUSED_VARIABLE = YES;
				IPHONEOS_DEPLOYMENT_TARGET = 7.0;
				MTL_ENABLE_DEBUG_INFO = YES;
				ONLY_ACTIVE_ARCH = YES;
				SDKROOT = iphoneos;
				TARGETED_DEVICE_FAMILY = "1,2";
			};
			name = Debug;
		};
		8A9664CD1AD8517C00C057D0 /* Release */ = {
			isa = XCBuildConfiguration;
			buildSettings = {
				ALWAYS_SEARCH_USER_PATHS = NO;
				CLANG_CXX_LANGUAGE_STANDARD = "gnu++0x";
				CLANG_CXX_LIBRARY = "libc++";
				CLANG_ENABLE_MODULES = YES;
				CLANG_ENABLE_OBJC_ARC = YES;
				CLANG_WARN_BOOL_CONVERSION = YES;
				CLANG_WARN_CONSTANT_CONVERSION = YES;
				CLANG_WARN_DIRECT_OBJC_ISA_USAGE = YES_ERROR;
				CLANG_WARN_EMPTY_BODY = YES;
				CLANG_WARN_ENUM_CONVERSION = YES;
				CLANG_WARN_INT_CONVERSION = YES;
				CLANG_WARN_OBJC_ROOT_CLASS = YES_ERROR;
				CLANG_WARN_UNREACHABLE_CODE = YES;
				CLANG_WARN__DUPLICATE_METHOD_MATCH = YES;
				"CODE_SIGN_IDENTITY[sdk=iphoneos*]" = "iPhone Developer";
				COPY_PHASE_STRIP = NO;
				DEBUG_INFORMATION_FORMAT = "dwarf-with-dsym";
				ENABLE_NS_ASSERTIONS = NO;
				ENABLE_STRICT_OBJC_MSGSEND = YES;
				GCC_C_LANGUAGE_STANDARD = gnu99;
				GCC_NO_COMMON_BLOCKS = YES;
				GCC_WARN_64_TO_32_BIT_CONVERSION = YES;
				GCC_WARN_ABOUT_RETURN_TYPE = YES_ERROR;
				GCC_WARN_UNDECLARED_SELECTOR = YES;
				GCC_WARN_UNINITIALIZED_AUTOS = YES_AGGRESSIVE;
				GCC_WARN_UNUSED_FUNCTION = YES;
				GCC_WARN_UNUSED_VARIABLE = YES;
				IPHONEOS_DEPLOYMENT_TARGET = 7.0;
				MTL_ENABLE_DEBUG_INFO = NO;
				SDKROOT = iphoneos;
				TARGETED_DEVICE_FAMILY = "1,2";
				VALIDATE_PRODUCT = YES;
			};
			name = Release;
		};
		8A9664CF1AD8517C00C057D0 /* Debug */ = {
			isa = XCBuildConfiguration;
			buildSettings = {
				ASSETCATALOG_COMPILER_APPICON_NAME = AppIcon;
				ASSETCATALOG_COMPILER_LAUNCHIMAGE_NAME = LaunchImage;
				INFOPLIST_FILE = Demo/Info.plist;
				LD_RUNPATH_SEARCH_PATHS = "$(inherited) @executable_path/Frameworks";
				PRODUCT_BUNDLE_IDENTIFIER = "com.iaos.$(PRODUCT_NAME:rfc1034identifier)";
				PRODUCT_NAME = "$(TARGET_NAME)";
			};
			name = Debug;
		};
		8A9664D01AD8517C00C057D0 /* Release */ = {
			isa = XCBuildConfiguration;
			buildSettings = {
				ASSETCATALOG_COMPILER_APPICON_NAME = AppIcon;
				ASSETCATALOG_COMPILER_LAUNCHIMAGE_NAME = LaunchImage;
				INFOPLIST_FILE = Demo/Info.plist;
				LD_RUNPATH_SEARCH_PATHS = "$(inherited) @executable_path/Frameworks";
				PRODUCT_BUNDLE_IDENTIFIER = "com.iaos.$(PRODUCT_NAME:rfc1034identifier)";
				PRODUCT_NAME = "$(TARGET_NAME)";
			};
			name = Release;
		};
		8A9AFEFA1AD88798009CFF22 /* Debug */ = {
			isa = XCBuildConfiguration;
			buildSettings = {
				BUNDLE_LOADER = "$(TEST_HOST)";
				GCC_PREPROCESSOR_DEFINITIONS = (
					"DEBUG=1",
					"$(inherited)",
				);
				INFOPLIST_FILE = "UILabel+Copyable Tests/Info.plist";
				LD_RUNPATH_SEARCH_PATHS = "$(inherited) @executable_path/Frameworks @loader_path/Frameworks";
				PRODUCT_BUNDLE_IDENTIFIER = "com.iaos.$(PRODUCT_NAME:rfc1034identifier)";
				PRODUCT_NAME = "$(TARGET_NAME)";
				TEST_HOST = "$(BUILT_PRODUCTS_DIR)/UILabel+Copyable Demo.app/UILabel+Copyable Demo";
			};
			name = Debug;
		};
		8A9AFEFB1AD88798009CFF22 /* Release */ = {
			isa = XCBuildConfiguration;
			buildSettings = {
				BUNDLE_LOADER = "$(TEST_HOST)";
				INFOPLIST_FILE = "UILabel+Copyable Tests/Info.plist";
				LD_RUNPATH_SEARCH_PATHS = "$(inherited) @executable_path/Frameworks @loader_path/Frameworks";
				PRODUCT_BUNDLE_IDENTIFIER = "com.iaos.$(PRODUCT_NAME:rfc1034identifier)";
				PRODUCT_NAME = "$(TARGET_NAME)";
				TEST_HOST = "$(BUILT_PRODUCTS_DIR)/UILabel+Copyable Demo.app/UILabel+Copyable Demo";
			};
			name = Release;
		};
/* End XCBuildConfiguration section */

/* Begin XCConfigurationList section */
		8A9664A61AD8517C00C057D0 /* Build configuration list for PBXProject "UILabel+Copyable Demo" */ = {
			isa = XCConfigurationList;
			buildConfigurations = (
				8A9664CC1AD8517C00C057D0 /* Debug */,
				8A9664CD1AD8517C00C057D0 /* Release */,
			);
			defaultConfigurationIsVisible = 0;
			defaultConfigurationName = Release;
		};
		8A9664CE1AD8517C00C057D0 /* Build configuration list for PBXNativeTarget "UILabel+Copyable Demo" */ = {
			isa = XCConfigurationList;
			buildConfigurations = (
				8A9664CF1AD8517C00C057D0 /* Debug */,
				8A9664D01AD8517C00C057D0 /* Release */,
			);
			defaultConfigurationIsVisible = 0;
			defaultConfigurationName = Release;
		};
		8A9AFEF91AD88798009CFF22 /* Build configuration list for PBXNativeTarget "UILabel+Copyable Tests" */ = {
			isa = XCConfigurationList;
			buildConfigurations = (
				8A9AFEFA1AD88798009CFF22 /* Debug */,
				8A9AFEFB1AD88798009CFF22 /* Release */,
			);
			defaultConfigurationIsVisible = 0;
			defaultConfigurationName = Release;
		};
/* End XCConfigurationList section */
	};
	rootObject = 8A9664A31AD8517C00C057D0 /* Project object */;
}
