// !$*UTF8*$!
{
	archiveVersion = 1;
	classes = {
	};
	objectVersion = 52;
	objects = {

/* Begin PBXBuildFile section */
		B88ED5EE23E9FA4400A16E05 /* UILabel_Copyable.framework in Frameworks */ = {isa = PBXBuildFile; fileRef = B88ED5E723E9F9A700A16E05 /* UILabel_Copyable.framework */; };
		B88ED5EF23E9FA4400A16E05 /* UILabel_Copyable.framework in Embed Frameworks */ = {isa = PBXBuildFile; fileRef = B88ED5E723E9F9A700A16E05 /* UILabel_Copyable.framework */; settings = {ATTRIBUTES = (CodeSignOnCopy, RemoveHeadersOnCopy, ); }; };
		B88ED5FE23E9FC7400A16E05 /* ViewController.m in Sources */ = {isa = PBXBuildFile; fileRef = B88ED5FB23E9FC7400A16E05 /* ViewController.m */; };
		B88ED5FF23E9FC7400A16E05 /* AppDelegate.m in Sources */ = {isa = PBXBuildFile; fileRef = B88ED5FC23E9FC7400A16E05 /* AppDelegate.m */; };
		B88ED60323E9FC8700A16E05 /* Main.storyboard in Resources */ = {isa = PBXBuildFile; fileRef = B88ED60123E9FC8700A16E05 /* Main.storyboard */; };
		B88ED60523E9FCB200A16E05 /* main.m in Sources */ = {isa = PBXBuildFile; fileRef = B88ED60423E9FCB200A16E05 /* main.m */; };
		B88ED60723E9FD0000A16E05 /* Images.xcassets in Resources */ = {isa = PBXBuildFile; fileRef = B88ED60623E9FD0000A16E05 /* Images.xcassets */; };
/* End PBXBuildFile section */

/* Begin PBXContainerItemProxy section */
		B88ED5E623E9F9A700A16E05 /* PBXContainerItemProxy */ = {
			isa = PBXContainerItemProxy;
			containerPortal = B88ED5E123E9F9A700A16E05 /* UILabel+Copyable.xcodeproj */;
			proxyType = 2;
			remoteGlobalIDString = B88ED5AB23E8DD1100A16E05;
			remoteInfo = "UILabel+Copyable";
		};
		B88ED5E823E9F9A700A16E05 /* PBXContainerItemProxy */ = {
			isa = PBXContainerItemProxy;
			containerPortal = B88ED5E123E9F9A700A16E05 /* UILabel+Copyable.xcodeproj */;
			proxyType = 2;
			remoteGlobalIDString = B88ED5B423E8DD1100A16E05;
			remoteInfo = "UILabel+CopyableTests";
		};
		B88ED5F323E9FB3500A16E05 /* PBXContainerItemProxy */ = {
			isa = PBXContainerItemProxy;
			containerPortal = B88ED5E123E9F9A700A16E05 /* UILabel+Copyable.xcodeproj */;
			proxyType = 1;
			remoteGlobalIDString = B88ED5AA23E8DD1100A16E05;
			remoteInfo = "UILabel+Copyable";
		};
/* End PBXContainerItemProxy section */

/* Begin PBXCopyFilesBuildPhase section */
		B88ED59B23E8D3DF00A16E05 /* Embed Frameworks */ = {
			isa = PBXCopyFilesBuildPhase;
			buildActionMask = 2147483647;
			dstPath = "";
			dstSubfolderSpec = 10;
			files = (
				B88ED5EF23E9FA4400A16E05 /* UILabel_Copyable.framework in Embed Frameworks */,
			);
			name = "Embed Frameworks";
			runOnlyForDeploymentPostprocessing = 0;
		};
/* End PBXCopyFilesBuildPhase section */

/* Begin PBXFileReference section */
		8A9664AB1AD8517C00C057D0 /* UILabel+Copyable Demo.app */ = {isa = PBXFileReference; explicitFileType = wrapper.application; includeInIndex = 0; path = "UILabel+Copyable Demo.app"; sourceTree = BUILT_PRODUCTS_DIR; };
		8A9664DA1AD8524200C057D0 /* Info.plist */ = {isa = PBXFileReference; fileEncoding = 4; lastKnownFileType = text.plist.xml; path = Info.plist; sourceTree = "<group>"; };
		B88ED5E123E9F9A700A16E05 /* UILabel+Copyable.xcodeproj */ = {isa = PBXFileReference; lastKnownFileType = "wrapper.pb-project"; name = "UILabel+Copyable.xcodeproj"; path = "../UILabel+Copyable.xcodeproj"; sourceTree = "<group>"; };
		B88ED5FA23E9FC7400A16E05 /* AppDelegate.h */ = {isa = PBXFileReference; fileEncoding = 4; lastKnownFileType = sourcecode.c.h; path = AppDelegate.h; sourceTree = "<group>"; };
		B88ED5FB23E9FC7400A16E05 /* ViewController.m */ = {isa = PBXFileReference; fileEncoding = 4; lastKnownFileType = sourcecode.c.objc; path = ViewController.m; sourceTree = "<group>"; };
		B88ED5FC23E9FC7400A16E05 /* AppDelegate.m */ = {isa = PBXFileReference; fileEncoding = 4; lastKnownFileType = sourcecode.c.objc; path = AppDelegate.m; sourceTree = "<group>"; };
		B88ED5FD23E9FC7400A16E05 /* ViewController.h */ = {isa = PBXFileReference; fileEncoding = 4; lastKnownFileType = sourcecode.c.h; path = ViewController.h; sourceTree = "<group>"; };
		B88ED60223E9FC8700A16E05 /* Base */ = {isa = PBXFileReference; lastKnownFileType = file.storyboard; name = Base; path = Base.lproj/Main.storyboard; sourceTree = "<group>"; };
		B88ED60423E9FCB200A16E05 /* main.m */ = {isa = PBXFileReference; fileEncoding = 4; lastKnownFileType = sourcecode.c.objc; path = main.m; sourceTree = SOURCE_ROOT; };
		B88ED60623E9FD0000A16E05 /* Images.xcassets */ = {isa = PBXFileReference; lastKnownFileType = folder.assetcatalog; path = Images.xcassets; sourceTree = "<group>"; };
/* End PBXFileReference section */

/* Begin PBXFrameworksBuildPhase section */
		8A9664A81AD8517C00C057D0 /* Frameworks */ = {
			isa = PBXFrameworksBuildPhase;
			buildActionMask = 2147483647;
			files = (
				B88ED5EE23E9FA4400A16E05 /* UILabel_Copyable.framework in Frameworks */,
			);
			runOnlyForDeploymentPostprocessing = 0;
		};
/* End PBXFrameworksBuildPhase section */

/* Begin PBXGroup section */
		8A9664A21AD8517C00C057D0 = {
			isa = PBXGroup;
			children = (
				B88ED5E123E9F9A700A16E05 /* UILabel+Copyable.xcodeproj */,
				B88ED5F923E9FC7400A16E05 /* Controllers */,
				B88ED60023E9FC8700A16E05 /* Resources */,
				8A9664ED1AD852F200C057D0 /* Supporting Files */,
				8A9664AC1AD8517C00C057D0 /* Products */,
				B88ED5D023E8DEAE00A16E05 /* Frameworks */,
			);
			sourceTree = "<group>";
		};
		8A9664AC1AD8517C00C057D0 /* Products */ = {
			isa = PBXGroup;
			children = (
				8A9664AB1AD8517C00C057D0 /* UILabel+Copyable Demo.app */,
			);
			name = Products;
			sourceTree = "<group>";
		};
		8A9664ED1AD852F200C057D0 /* Supporting Files */ = {
			isa = PBXGroup;
			children = (
				B88ED60423E9FCB200A16E05 /* main.m */,
				8A9664DA1AD8524200C057D0 /* Info.plist */,
			);
			name = "Supporting Files";
			path = Source/Source;
			sourceTree = "<group>";
		};
		B88ED5D023E8DEAE00A16E05 /* Frameworks */ = {
			isa = PBXGroup;
			children = (
			);
			name = Frameworks;
			sourceTree = "<group>";
		};
		B88ED5E223E9F9A700A16E05 /* Products */ = {
			isa = PBXGroup;
			children = (
				B88ED5E723E9F9A700A16E05 /* UILabel_Copyable.framework */,
				B88ED5E923E9F9A700A16E05 /* UILabel+CopyableTests.xctest */,
			);
			name = Products;
			sourceTree = "<group>";
		};
		B88ED5F923E9FC7400A16E05 /* Controllers */ = {
			isa = PBXGroup;
			children = (
				B88ED5FA23E9FC7400A16E05 /* AppDelegate.h */,
				B88ED5FB23E9FC7400A16E05 /* ViewController.m */,
				B88ED5FC23E9FC7400A16E05 /* AppDelegate.m */,
				B88ED5FD23E9FC7400A16E05 /* ViewController.h */,
			);
			path = Controllers;
			sourceTree = "<group>";
		};
		B88ED60023E9FC8700A16E05 /* Resources */ = {
			isa = PBXGroup;
			children = (
				B88ED60123E9FC8700A16E05 /* Main.storyboard */,
				B88ED60623E9FD0000A16E05 /* Images.xcassets */,
			);
			path = Resources;
			sourceTree = "<group>";
		};
/* End PBXGroup section */

/* Begin PBXNativeTarget section */
		8A9664AA1AD8517C00C057D0 /* UILabel+Copyable Demo */ = {
			isa = PBXNativeTarget;
			buildConfigurationList = 8A9664CE1AD8517C00C057D0 /* Build configuration list for PBXNativeTarget "UILabel+Copyable Demo" */;
			buildPhases = (
				8A9664A71AD8517C00C057D0 /* Sources */,
				8A9664A81AD8517C00C057D0 /* Frameworks */,
				8A9664A91AD8517C00C057D0 /* Resources */,
				B88ED59B23E8D3DF00A16E05 /* Embed Frameworks */,
			);
			buildRules = (
			);
			dependencies = (
				B88ED5F423E9FB3500A16E05 /* PBXTargetDependency */,
			);
			name = "UILabel+Copyable Demo";
			productName = "UILabel+Copiable Demo";
			productReference = 8A9664AB1AD8517C00C057D0 /* UILabel+Copyable Demo.app */;
			productType = "com.apple.product-type.application";
		};
/* End PBXNativeTarget section */

/* Begin PBXProject section */
		8A9664A31AD8517C00C057D0 /* Project object */ = {
			isa = PBXProject;
			attributes = {
				LastSwiftUpdateCheck = 1130;
				LastUpgradeCheck = 1130;
				ORGANIZATIONNAME = iAOS;
				TargetAttributes = {
					8A9664AA1AD8517C00C057D0 = {
						CreatedOnToolsVersion = 6.3;
						LastSwiftMigration = 1130;
					};
				};
			};
			buildConfigurationList = 8A9664A61AD8517C00C057D0 /* Build configuration list for PBXProject "UILabel+Copyable Demo" */;
			compatibilityVersion = "Xcode 11.0";
			developmentRegion = en;
			hasScannedForEncodings = 0;
			knownRegions = (
				en,
				Base,
			);
			mainGroup = 8A9664A21AD8517C00C057D0;
			productRefGroup = 8A9664AC1AD8517C00C057D0 /* Products */;
			projectDirPath = "";
			projectReferences = (
				{
					ProductGroup = B88ED5E223E9F9A700A16E05 /* Products */;
					ProjectRef = B88ED5E123E9F9A700A16E05 /* UILabel+Copyable.xcodeproj */;
				},
			);
			projectRoot = "";
			targets = (
				8A9664AA1AD8517C00C057D0 /* UILabel+Copyable Demo */,
			);
		};
/* End PBXProject section */

/* Begin PBXReferenceProxy section */
		B88ED5E723E9F9A700A16E05 /* UILabel_Copyable.framework */ = {
			isa = PBXReferenceProxy;
			fileType = wrapper.framework;
			path = UILabel_Copyable.framework;
			remoteRef = B88ED5E623E9F9A700A16E05 /* PBXContainerItemProxy */;
			sourceTree = BUILT_PRODUCTS_DIR;
		};
		B88ED5E923E9F9A700A16E05 /* UILabel+CopyableTests.xctest */ = {
			isa = PBXReferenceProxy;
			fileType = wrapper.cfbundle;
			path = "UILabel+CopyableTests.xctest";
			remoteRef = B88ED5E823E9F9A700A16E05 /* PBXContainerItemProxy */;
			sourceTree = BUILT_PRODUCTS_DIR;
		};
/* End PBXReferenceProxy section */

/* Begin PBXResourcesBuildPhase section */
		8A9664A91AD8517C00C057D0 /* Resources */ = {
			isa = PBXResourcesBuildPhase;
			buildActionMask = 2147483647;
			files = (
				B88ED60323E9FC8700A16E05 /* Main.storyboard in Resources */,
				B88ED60723E9FD0000A16E05 /* Images.xcassets in Resources */,
			);
			runOnlyForDeploymentPostprocessing = 0;
		};
/* End PBXResourcesBuildPhase section */

/* Begin PBXSourcesBuildPhase section */
		8A9664A71AD8517C00C057D0 /* Sources */ = {
			isa = PBXSourcesBuildPhase;
			buildActionMask = 2147483647;
			files = (
				B88ED5FE23E9FC7400A16E05 /* ViewController.m in Sources */,
				B88ED60523E9FCB200A16E05 /* main.m in Sources */,
				B88ED5FF23E9FC7400A16E05 /* AppDelegate.m in Sources */,
			);
			runOnlyForDeploymentPostprocessing = 0;
		};
/* End PBXSourcesBuildPhase section */

/* Begin PBXTargetDependency section */
		B88ED5F423E9FB3500A16E05 /* PBXTargetDependency */ = {
			isa = PBXTargetDependency;
			name = "UILabel+Copyable";
			targetProxy = B88ED5F323E9FB3500A16E05 /* PBXContainerItemProxy */;
		};
/* End PBXTargetDependency section */

/* Begin PBXVariantGroup section */
		B88ED60123E9FC8700A16E05 /* Main.storyboard */ = {
			isa = PBXVariantGroup;
			children = (
				B88ED60223E9FC8700A16E05 /* Base */,
			);
			name = Main.storyboard;
			sourceTree = "<group>";
		};
/* End PBXVariantGroup section */

/* Begin XCBuildConfiguration section */
		8A9664CC1AD8517C00C057D0 /* Debug */ = {
			isa = XCBuildConfiguration;
			buildSettings = {
				ALWAYS_EMBED_SWIFT_STANDARD_LIBRARIES = YES;
				ALWAYS_SEARCH_USER_PATHS = NO;
				CLANG_CXX_LANGUAGE_STANDARD = "gnu++0x";
				CLANG_CXX_LIBRARY = "libc++";
				CLANG_ENABLE_MODULES = YES;
				CLANG_ENABLE_OBJC_ARC = YES;
				CLANG_WARN_BLOCK_CAPTURE_AUTORELEASING = YES;
				CLANG_WARN_BOOL_CONVERSION = YES;
				CLANG_WARN_COMMA = YES;
				CLANG_WARN_CONSTANT_CONVERSION = YES;
				CLANG_WARN_DEPRECATED_OBJC_IMPLEMENTATIONS = YES;
				CLANG_WARN_DIRECT_OBJC_ISA_USAGE = YES_ERROR;
				CLANG_WARN_EMPTY_BODY = YES;
				CLANG_WARN_ENUM_CONVERSION = YES;
				CLANG_WARN_INFINITE_RECURSION = YES;
				CLANG_WARN_INT_CONVERSION = YES;
				CLANG_WARN_NON_LITERAL_NULL_CONVERSION = YES;
				CLANG_WARN_OBJC_IMPLICIT_RETAIN_SELF = YES;
				CLANG_WARN_OBJC_LITERAL_CONVERSION = YES;
				CLANG_WARN_OBJC_ROOT_CLASS = YES_ERROR;
				CLANG_WARN_RANGE_LOOP_ANALYSIS = YES;
				CLANG_WARN_STRICT_PROTOTYPES = YES;
				CLANG_WARN_SUSPICIOUS_MOVE = YES;
				CLANG_WARN_UNREACHABLE_CODE = YES;
				CLANG_WARN__DUPLICATE_METHOD_MATCH = YES;
				CODE_SIGN_IDENTITY = "iPhone Developer";
				"CODE_SIGN_IDENTITY[sdk=iphoneos*]" = "iPhone Developer";
				COPY_PHASE_STRIP = NO;
				DEBUG_INFORMATION_FORMAT = "dwarf-with-dsym";
				ENABLE_STRICT_OBJC_MSGSEND = YES;
				ENABLE_TESTABILITY = YES;
				GCC_C_LANGUAGE_STANDARD = gnu99;
				GCC_DYNAMIC_NO_PIC = NO;
				GCC_NO_COMMON_BLOCKS = YES;
				GCC_OPTIMIZATION_LEVEL = 0;
				GCC_PREPROCESSOR_DEFINITIONS = (
					"DEBUG=1",
					"$(inherited)",
				);
				GCC_SYMBOLS_PRIVATE_EXTERN = NO;
				GCC_WARN_64_TO_32_BIT_CONVERSION = YES;
				GCC_WARN_ABOUT_RETURN_TYPE = YES_ERROR;
				GCC_WARN_UNDECLARED_SELECTOR = YES;
				GCC_WARN_UNINITIALIZED_AUTOS = YES_AGGRESSIVE;
				GCC_WARN_UNUSED_FUNCTION = YES;
				GCC_WARN_UNUSED_VARIABLE = YES;
				IPHONEOS_DEPLOYMENT_TARGET = 10.0;
				MTL_ENABLE_DEBUG_INFO = YES;
				ONLY_ACTIVE_ARCH = YES;
				SDKROOT = iphoneos;
				TARGETED_DEVICE_FAMILY = "1,2";
			};
			name = Debug;
		};
		8A9664CD1AD8517C00C057D0 /* Release */ = {
			isa = XCBuildConfiguration;
			buildSettings = {
				ALWAYS_EMBED_SWIFT_STANDARD_LIBRARIES = YES;
				ALWAYS_SEARCH_USER_PATHS = NO;
				CLANG_CXX_LANGUAGE_STANDARD = "gnu++0x";
				CLANG_CXX_LIBRARY = "libc++";
				CLANG_ENABLE_MODULES = YES;
				CLANG_ENABLE_OBJC_ARC = YES;
				CLANG_WARN_BLOCK_CAPTURE_AUTORELEASING = YES;
				CLANG_WARN_BOOL_CONVERSION = YES;
				CLANG_WARN_COMMA = YES;
				CLANG_WARN_CONSTANT_CONVERSION = YES;
				CLANG_WARN_DEPRECATED_OBJC_IMPLEMENTATIONS = YES;
				CLANG_WARN_DIRECT_OBJC_ISA_USAGE = YES_ERROR;
				CLANG_WARN_EMPTY_BODY = YES;
				CLANG_WARN_ENUM_CONVERSION = YES;
				CLANG_WARN_INFINITE_RECURSION = YES;
				CLANG_WARN_INT_CONVERSION = YES;
				CLANG_WARN_NON_LITERAL_NULL_CONVERSION = YES;
				CLANG_WARN_OBJC_IMPLICIT_RETAIN_SELF = YES;
				CLANG_WARN_OBJC_LITERAL_CONVERSION = YES;
				CLANG_WARN_OBJC_ROOT_CLASS = YES_ERROR;
				CLANG_WARN_RANGE_LOOP_ANALYSIS = YES;
				CLANG_WARN_STRICT_PROTOTYPES = YES;
				CLANG_WARN_SUSPICIOUS_MOVE = YES;
				CLANG_WARN_UNREACHABLE_CODE = YES;
				CLANG_WARN__DUPLICATE_METHOD_MATCH = YES;
				"CODE_SIGN_IDENTITY[sdk=iphoneos*]" = "iPhone Developer";
				COPY_PHASE_STRIP = NO;
				DEBUG_INFORMATION_FORMAT = "dwarf-with-dsym";
				ENABLE_NS_ASSERTIONS = NO;
				ENABLE_STRICT_OBJC_MSGSEND = YES;
				GCC_C_LANGUAGE_STANDARD = gnu99;
				GCC_NO_COMMON_BLOCKS = YES;
				GCC_WARN_64_TO_32_BIT_CONVERSION = YES;
				GCC_WARN_ABOUT_RETURN_TYPE = YES_ERROR;
				GCC_WARN_UNDECLARED_SELECTOR = YES;
				GCC_WARN_UNINITIALIZED_AUTOS = YES_AGGRESSIVE;
				GCC_WARN_UNUSED_FUNCTION = YES;
				GCC_WARN_UNUSED_VARIABLE = YES;
				IPHONEOS_DEPLOYMENT_TARGET = 10.0;
				MTL_ENABLE_DEBUG_INFO = NO;
				SDKROOT = iphoneos;
				TARGETED_DEVICE_FAMILY = "1,2";
				VALIDATE_PRODUCT = YES;
			};
			name = Release;
		};
		8A9664CF1AD8517C00C057D0 /* Debug */ = {
			isa = XCBuildConfiguration;
			buildSettings = {
				ASSETCATALOG_COMPILER_APPICON_NAME = AppIcon;
				CLANG_ENABLE_MODULES = YES;
				INFOPLIST_FILE = "$(SRCROOT)/Info.plist";
				IPHONEOS_DEPLOYMENT_TARGET = 10.0;
				LD_RUNPATH_SEARCH_PATHS = (
					"$(inherited)",
					"@executable_path/Frameworks",
				);
				PRODUCT_BUNDLE_IDENTIFIER = "com.iaos.$(PRODUCT_NAME:rfc1034identifier)";
				PRODUCT_NAME = "$(TARGET_NAME)";
				SWIFT_OPTIMIZATION_LEVEL = "-Onone";
				SWIFT_VERSION = 5.0;
			};
			name = Debug;
		};
		8A9664D01AD8517C00C057D0 /* Release */ = {
			isa = XCBuildConfiguration;
			buildSettings = {
				ASSETCATALOG_COMPILER_APPICON_NAME = AppIcon;
				CLANG_ENABLE_MODULES = YES;
				INFOPLIST_FILE = "$(SRCROOT)/Info.plist";
				IPHONEOS_DEPLOYMENT_TARGET = 10.0;
				LD_RUNPATH_SEARCH_PATHS = (
					"$(inherited)",
					"@executable_path/Frameworks",
				);
				PRODUCT_BUNDLE_IDENTIFIER = "com.iaos.$(PRODUCT_NAME:rfc1034identifier)";
				PRODUCT_NAME = "$(TARGET_NAME)";
				SWIFT_VERSION = 5.0;
			};
			name = Release;
		};
/* End XCBuildConfiguration section */

/* Begin XCConfigurationList section */
		8A9664A61AD8517C00C057D0 /* Build configuration list for PBXProject "UILabel+Copyable Demo" */ = {
			isa = XCConfigurationList;
			buildConfigurations = (
				8A9664CC1AD8517C00C057D0 /* Debug */,
				8A9664CD1AD8517C00C057D0 /* Release */,
			);
			defaultConfigurationIsVisible = 0;
			defaultConfigurationName = Release;
		};
		8A9664CE1AD8517C00C057D0 /* Build configuration list for PBXNativeTarget "UILabel+Copyable Demo" */ = {
			isa = XCConfigurationList;
			buildConfigurations = (
				8A9664CF1AD8517C00C057D0 /* Debug */,
				8A9664D01AD8517C00C057D0 /* Release */,
			);
			defaultConfigurationIsVisible = 0;
			defaultConfigurationName = Release;
		};
/* End XCConfigurationList section */
	};
	rootObject = 8A9664A31AD8517C00C057D0 /* Project object */;
}
